
Microsoft Visual Studio Solution File, Format Version 12.00
# Visual Studio Version 17
VisualStudioVersion = 17.5.33516.290
MinimumVisualStudioVersion = 10.0.40219.1
Project("{FAE04EC0-301F-11D3-BF4B-00C04F79EFBC}") = "marchMadness", "marchMadness.csproj", "{648D3DFA-B4ED-4777-A64C-B241C5D57897}"
EndProject
Global
	GlobalSection(SolutionConfigurationPlatforms) = preSolution
		Debug|Any CPU = Debug|Any CPU
		Release|Any CPU = Release|Any CPU
	EndGlobalSection
	GlobalSection(ProjectConfigurationPlatforms) = postSolution
		{648D3DFA-B4ED-4777-A64C-B241C5D57897}.Debug|Any CPU.ActiveCfg = Debug|Any CPU
		{648D3DFA-B4ED-4777-A64C-B241C5D57897}.Debug|Any CPU.Build.0 = Debug|Any CPU
		{648D3DFA-B4ED-4777-A64C-B241C5D57897}.Release|Any CPU.ActiveCfg = Release|Any CPU
		{648D3DFA-B4ED-4777-A64C-B241C5D57897}.Release|Any CPU.Build.0 = Release|Any CPU
	EndGlobalSection
	GlobalSection(SolutionProperties) = preSolution
		HideSolutionNode = FALSE
	EndGlobalSection
	GlobalSection(ExtensibilityGlobals) = postSolution
		SolutionGuid = {42EFA9CB-411A-4CC7-B10F-1DB3DD08BB66}
	EndGlobalSection
EndGlobal
